
Microsoft Visual Studio Solution File, Format Version 12.00
# Visual Studio Version 16
VisualStudioVersion = 16.0.31205.134
MinimumVisualStudioVersion = 10.0.40219.1
Project("{9A19103F-16F7-4668-BE54-9A1E7A4F7556}") = "BulkyBookApp", "BulkyBookApp.csproj", "{58EA4F99-7E6B-4C4A-B1EC-73C72E8318FF}"
EndProject
Project("{FAE04EC0-301F-11D3-BF4B-00C04F79EFBC}") = "BulkyBookApp.Models", "..\BulkyBook.Models\BulkyBookApp.Models.csproj", "{83071777-DA16-40E9-96A3-FF76E6B664FB}"
EndProject
Project("{FAE04EC0-301F-11D3-BF4B-00C04F79EFBC}") = "BulkyBookApp.DataAccess", "..\BulkyBook.DataAccess\BulkyBookApp.DataAccess.csproj", "{58F7108F-B295-4803-B4EA-B0830641BC59}"
EndProject
Project("{FAE04EC0-301F-11D3-BF4B-00C04F79EFBC}") = "BulkyBookApp.Utility", "..\BulkyBook.Utility\BulkyBookApp.Utility.csproj", "{27F0CA3D-FAF5-40A4-ADFE-44BCBC10F597}"
EndProject
Global
	GlobalSection(SolutionConfigurationPlatforms) = preSolution
		Debug|Any CPU = Debug|Any CPU
		Release|Any CPU = Release|Any CPU
	EndGlobalSection
	GlobalSection(ProjectConfigurationPlatforms) = postSolution
		{58EA4F99-7E6B-4C4A-B1EC-73C72E8318FF}.Debug|Any CPU.ActiveCfg = Debug|Any CPU
		{58EA4F99-7E6B-4C4A-B1EC-73C72E8318FF}.Debug|Any CPU.Build.0 = Debug|Any CPU
		{58EA4F99-7E6B-4C4A-B1EC-73C72E8318FF}.Release|Any CPU.ActiveCfg = Release|Any CPU
		{58EA4F99-7E6B-4C4A-B1EC-73C72E8318FF}.Release|Any CPU.Build.0 = Release|Any CPU
		{83071777-DA16-40E9-96A3-FF76E6B664FB}.Debug|Any CPU.ActiveCfg = Debug|Any CPU
		{83071777-DA16-40E9-96A3-FF76E6B664FB}.Debug|Any CPU.Build.0 = Debug|Any CPU
		{83071777-DA16-40E9-96A3-FF76E6B664FB}.Release|Any CPU.ActiveCfg = Release|Any CPU
		{83071777-DA16-40E9-96A3-FF76E6B664FB}.Release|Any CPU.Build.0 = Release|Any CPU
		{58F7108F-B295-4803-B4EA-B0830641BC59}.Debug|Any CPU.ActiveCfg = Debug|Any CPU
		{58F7108F-B295-4803-B4EA-B0830641BC59}.Debug|Any CPU.Build.0 = Debug|Any CPU
		{58F7108F-B295-4803-B4EA-B0830641BC59}.Release|Any CPU.ActiveCfg = Release|Any CPU
		{58F7108F-B295-4803-B4EA-B0830641BC59}.Release|Any CPU.Build.0 = Release|Any CPU
		{27F0CA3D-FAF5-40A4-ADFE-44BCBC10F597}.Debug|Any CPU.ActiveCfg = Debug|Any CPU
		{27F0CA3D-FAF5-40A4-ADFE-44BCBC10F597}.Debug|Any CPU.Build.0 = Debug|Any CPU
		{27F0CA3D-FAF5-40A4-ADFE-44BCBC10F597}.Release|Any CPU.ActiveCfg = Release|Any CPU
		{27F0CA3D-FAF5-40A4-ADFE-44BCBC10F597}.Release|Any CPU.Build.0 = Release|Any CPU
	EndGlobalSection
	GlobalSection(SolutionProperties) = preSolution
		HideSolutionNode = FALSE
	EndGlobalSection
	GlobalSection(ExtensibilityGlobals) = postSolution
		SolutionGuid = {14004895-EC01-42A3-A5A9-4D90C4A91972}
	EndGlobalSection
EndGlobal
